
Microsoft Visual Studio Solution File, Format Version 12.00
# Visual Studio Version 17
VisualStudioVersion = 17.0.31919.166
MinimumVisualStudioVersion = 10.0.40219.1
Project("{9A19103F-16F7-4668-BE54-9A1E7A4F7556}") = "DadJokesAppMuskan", "DadJokesAppMuskan\DadJokesAppMuskan.csproj", "{AF303AB5-A74D-4613-BEA7-4D93C0E0830F}"
EndProject
Project("{9A19103F-16F7-4668-BE54-9A1E7A4F7556}") = "DadJokesApp", "DadJokesApp\DadJokesApp.csproj", "{3504658E-D45F-4CB4-A333-74852E3AF43E}"
EndProject
Global
	GlobalSection(SolutionConfigurationPlatforms) = preSolution
		Debug|Any CPU = Debug|Any CPU
		Release|Any CPU = Release|Any CPU
	EndGlobalSection
	GlobalSection(ProjectConfigurationPlatforms) = postSolution
		{AF303AB5-A74D-4613-BEA7-4D93C0E0830F}.Debug|Any CPU.ActiveCfg = Debug|Any CPU
		{AF303AB5-A74D-4613-BEA7-4D93C0E0830F}.Debug|Any CPU.Build.0 = Debug|Any CPU
		{AF303AB5-A74D-4613-BEA7-4D93C0E0830F}.Release|Any CPU.ActiveCfg = Release|Any CPU
		{AF303AB5-A74D-4613-BEA7-4D93C0E0830F}.Release|Any CPU.Build.0 = Release|Any CPU
		{3504658E-D45F-4CB4-A333-74852E3AF43E}.Debug|Any CPU.ActiveCfg = Debug|Any CPU
		{3504658E-D45F-4CB4-A333-74852E3AF43E}.Debug|Any CPU.Build.0 = Debug|Any CPU
		{3504658E-D45F-4CB4-A333-74852E3AF43E}.Release|Any CPU.ActiveCfg = Release|Any CPU
		{3504658E-D45F-4CB4-A333-74852E3AF43E}.Release|Any CPU.Build.0 = Release|Any CPU
	EndGlobalSection
	GlobalSection(SolutionProperties) = preSolution
		HideSolutionNode = FALSE
	EndGlobalSection
	GlobalSection(ExtensibilityGlobals) = postSolution
		SolutionGuid = {492B0E20-7C2B-494E-9230-E9475BFE158C}
	EndGlobalSection
EndGlobal
